<?xml version="1.0" encoding="utf-8"?>
<Project ToolsVersion="4.0" xmlns="http://schemas.microsoft.com/developer/msbuild/2003">
  <ItemGroup>
    <Filter Include="Source Files">
      <UniqueIdentifier>{4FC737F1-C7A5-4376-A066-2A32D752A2FF}</UniqueIdentifier>
      <Extensions>cpp;c;cc;cxx;c++;cppm;ixx;def;odl;idl;hpj;bat;asm;asmx</Extensions>
    </Filter>
    <Filter Include="Header Files">
      <UniqueIdentifier>{93995380-89BD-4b04-88EB-625FBE52EBFB}</UniqueIdentifier>
      <Extensions>h;hh;hpp;hxx;h++;hm;inl;inc;ipp;xsd</Extensions>
    </Filter>
    <Filter Include="Resource Files">
      <UniqueIdentifier>{67DA6AB6-F800-4c08-8B7A-83BB121AAD01}</UniqueIdentifier>
      <Extensions>rc;ico;cur;bmp;dlg;rc2;rct;bin;rgs;gif;jpg;jpeg;jpe;resx;tiff;tif;png;wav;mfcribbon-ms</Extensions>
    </Filter>
    <Filter Include="Header Files\lib">
      <UniqueIdentifier>{15e628de-83f6-49bc-bcff-d5f28c10fb2f}</UniqueIdentifier>
    </Filter>
    <Filter Include="Header Files\OrgnanizerScreens">
      <UniqueIdentifier>{d761af65-1b2f-40ea-a25a-9341f630debd}</UniqueIdentifier>
    </Filter>
    <Filter Include="DataBase">
      <UniqueIdentifier>{ba23e1e1-6b40-4ee2-beed-23a1bc1a9775}</UniqueIdentifier>
    </Filter>
    <Filter Include="Header Files\AttendeeScreens">
      <UniqueIdentifier>{48707880-2ea4-4711-b421-329d575a6772}</UniqueIdentifier>
    </Filter>
  </ItemGroup>
  <ItemGroup>
    <ClCompile Include="Main.cpp">
      <Filter>Source Files</Filter>
    </ClCompile>
    <ClCompile Include="Database.cpp">
      <Filter>DataBase</Filter>
    </ClCompile>
  </ItemGroup>
  <ItemGroup>
    <ClInclude Include="clsDate.h">
      <Filter>Header Files\lib</Filter>
    </ClInclude>
    <ClInclude Include="clsString.h">
      <Filter>Header Files\lib</Filter>
    </ClInclude>
    <ClInclude Include="clsLoginScreen.h">
      <Filter>Header Files\OrgnanizerScreens</Filter>
    </ClInclude>
    <ClInclude Include="clsOrganizerMainMenuScreen.h">
      <Filter>Header Files\OrgnanizerScreens</Filter>
    </ClInclude>
    <ClInclude Include="clsUser.h">
      <Filter>Header Files\OrgnanizerScreens</Filter>
    </ClInclude>
    <ClInclude Include="Globals.h">
      <Filter>Header Files</Filter>
    </ClInclude>
    <ClInclude Include="clsEvent.h">
      <Filter>Header Files</Filter>
    </ClInclude>
    <ClInclude Include="clsCreateEventScreen.h">
      <Filter>Header Files\OrgnanizerScreens</Filter>
    </ClInclude>
    <ClInclude Include="clsDeleteEventScreen.h">
      <Filter>Header Files\OrgnanizerScreens</Filter>
    </ClInclude>
    <ClInclude Include="clsInputValidate.h">
      <Filter>Header Files\lib</Filter>
    </ClInclude>
    <ClInclude Include="clsSpeakerScreen.h">
      <Filter>Header Files\OrgnanizerScreens</Filter>
    </ClInclude>
    <ClInclude Include="clsUpdateEventScreen.h">
      <Filter>Header Files\OrgnanizerScreens</Filter>
    </ClInclude>
    <ClInclude Include="clsViewCreatedEventsScreen.h">
      <Filter>Header Files\OrgnanizerScreens</Filter>
    </ClInclude>
    <ClInclude Include="Database.h">
      <Filter>DataBase</Filter>
    </ClInclude>
    <ClInclude Include="clsAvailableEventsScreen.h">
      <Filter>Header Files\AttendeeScreens</Filter>
    </ClInclude>
    <ClInclude Include="clsattendee.h">
      <Filter>Header Files\AttendeeScreens</Filter>
    </ClInclude>
    <ClInclude Include="clsAddSpeaker.h">
      <Filter>Header Files\OrgnanizerScreens</Filter>
    </ClInclude>
    <ClInclude Include="clsViewAddedSpeakers.h">
      <Filter>Header Files\OrgnanizerScreens</Filter>
    </ClInclude>
    <ClInclude Include="clsDeleteSpeakerScreen.h">
      <Filter>Header Files\OrgnanizerScreens</Filter>
    </ClInclude>
    <ClInclude Include="clsUpdatSpeakerScreen.h">
      <Filter>Header Files\OrgnanizerScreens</Filter>
    </ClInclude>
    <ClInclude Include="clsBookTicketScreen.h">
      <Filter>Header Files\AttendeeScreens</Filter>
    </ClInclude>
  </ItemGroup>
</Project>